
Microsoft Visual Studio Solution File, Format Version 12.00
# Visual Studio Version 16
VisualStudioVersion = 16.0.28803.156
MinimumVisualStudioVersion = 10.0.40219.1
Project("{9A19103F-16F7-4668-BE54-9A1E7A4F7556}") = "SqlLockFinder", "SqlLockFinder\SqlLockFinder.csproj", "{0021ED8F-1B9C-4983-90BD-91831D3B7F36}"
EndProject
Project("{FAE04EC0-301F-11D3-BF4B-00C04F79EFBC}") = "SqlLockFinder.Tests", "SqlLockFinder.Tests\SqlLockFinder.Tests.csproj", "{C5A319FE-B04D-49ED-BB38-661E472C43BE}"
EndProject
Global
	GlobalSection(SolutionConfigurationPlatforms) = preSolution
		Debug|Any CPU = Debug|Any CPU
		Release|Any CPU = Release|Any CPU
	EndGlobalSection
	GlobalSection(ProjectConfigurationPlatforms) = postSolution
		{0021ED8F-1B9C-4983-90BD-91831D3B7F36}.Debug|Any CPU.ActiveCfg = Debug|Any CPU
		{0021ED8F-1B9C-4983-90BD-91831D3B7F36}.Debug|Any CPU.Build.0 = Debug|Any CPU
		{0021ED8F-1B9C-4983-90BD-91831D3B7F36}.Release|Any CPU.ActiveCfg = Release|Any CPU
		{0021ED8F-1B9C-4983-90BD-91831D3B7F36}.Release|Any CPU.Build.0 = Release|Any CPU
		{C5A319FE-B04D-49ED-BB38-661E472C43BE}.Debug|Any CPU.ActiveCfg = Debug|Any CPU
		{C5A319FE-B04D-49ED-BB38-661E472C43BE}.Debug|Any CPU.Build.0 = Debug|Any CPU
		{C5A319FE-B04D-49ED-BB38-661E472C43BE}.Release|Any CPU.ActiveCfg = Release|Any CPU
		{C5A319FE-B04D-49ED-BB38-661E472C43BE}.Release|Any CPU.Build.0 = Release|Any CPU
	EndGlobalSection
	GlobalSection(SolutionProperties) = preSolution
		HideSolutionNode = FALSE
	EndGlobalSection
	GlobalSection(ExtensibilityGlobals) = postSolution
		SolutionGuid = {70B37A85-47B7-4C96-ACEC-6313097EE630}
	EndGlobalSection
EndGlobal
